
Microsoft Visual Studio Solution File, Format Version 12.00
# Visual Studio Version 16
VisualStudioVersion = 16.0.32106.194
MinimumVisualStudioVersion = 10.0.40219.1
Project("{FAE04EC0-301F-11D3-BF4B-00C04F79EFBC}") = "Practica1", "Practica1.csproj", "{57FE1800-0A9E-4932-B3C6-B0EC13A660BA}"
EndProject
Global
	GlobalSection(SolutionConfigurationPlatforms) = preSolution
		Debug|Any CPU = Debug|Any CPU
		Release|Any CPU = Release|Any CPU
	EndGlobalSection
	GlobalSection(ProjectConfigurationPlatforms) = postSolution
		{57FE1800-0A9E-4932-B3C6-B0EC13A660BA}.Debug|Any CPU.ActiveCfg = Debug|Any CPU
		{57FE1800-0A9E-4932-B3C6-B0EC13A660BA}.Debug|Any CPU.Build.0 = Debug|Any CPU
		{57FE1800-0A9E-4932-B3C6-B0EC13A660BA}.Release|Any CPU.ActiveCfg = Release|Any CPU
		{57FE1800-0A9E-4932-B3C6-B0EC13A660BA}.Release|Any CPU.Build.0 = Release|Any CPU
	EndGlobalSection
	GlobalSection(SolutionProperties) = preSolution
		HideSolutionNode = FALSE
	EndGlobalSection
	GlobalSection(ExtensibilityGlobals) = postSolution
		SolutionGuid = {91EA88CA-4942-4CC9-BC69-DD5C2C9B94AA}
	EndGlobalSection
EndGlobal
